
Microsoft Visual Studio Solution File, Format Version 12.00
# Visual Studio Version 16
VisualStudioVersion = 16.0.30717.126
MinimumVisualStudioVersion = 10.0.40219.1
Project("{FAE04EC0-301F-11D3-BF4B-00C04F79EFBC}") = "MAX TRONG MANG 2 CHIEU", "MAX TRONG MANG 2 CHIEU.csproj", "{EDEB0718-29AA-4543-8440-6CF2325F1B14}"
EndProject
Global
	GlobalSection(SolutionConfigurationPlatforms) = preSolution
		Debug|Any CPU = Debug|Any CPU
		Release|Any CPU = Release|Any CPU
	EndGlobalSection
	GlobalSection(ProjectConfigurationPlatforms) = postSolution
		{EDEB0718-29AA-4543-8440-6CF2325F1B14}.Debug|Any CPU.ActiveCfg = Debug|Any CPU
		{EDEB0718-29AA-4543-8440-6CF2325F1B14}.Debug|Any CPU.Build.0 = Debug|Any CPU
		{EDEB0718-29AA-4543-8440-6CF2325F1B14}.Release|Any CPU.ActiveCfg = Release|Any CPU
		{EDEB0718-29AA-4543-8440-6CF2325F1B14}.Release|Any CPU.Build.0 = Release|Any CPU
	EndGlobalSection
	GlobalSection(SolutionProperties) = preSolution
		HideSolutionNode = FALSE
	EndGlobalSection
	GlobalSection(ExtensibilityGlobals) = postSolution
		SolutionGuid = {CAD232F7-4EDB-481C-8B17-9F1A446BB241}
	EndGlobalSection
EndGlobal
